PODS:
  - NKLinkedList (0.2.3)
  - NKQueue (0.1.1):
    - NKLinkedList

DEPENDENCIES:
  - NKQueue (from `../`)

EXTERNAL SOURCES:
  NKQueue:
    :path: "../"

SPEC CHECKSUMS:
  NKLinkedList: 41134ee13d2bdedb1aa93ac481393bbc35a8bf51
  NKQueue: 89cb53ccdaea854ea6d57e2d47c4995a2678f0c0

PODFILE CHECKSUM: bd9878b8cb99bc3b1456606d5ec60aebde3d3438

COCOAPODS: 1.2.1
